// !$*UTF8*$!
{
	archiveVersion = 1;
	classes = {
	};
	objectVersion = 50;
	objects = {

/* Begin PBXBuildFile section */
		BA30896426B84D0A00C6FF2E /* AppDelegate.swift in Sources */ = {isa = PBXBuildFile; fileRef = BA30896326B84D0A00C6FF2E /* AppDelegate.swift */; };
		BA30896626B84D0A00C6FF2E /* SceneDelegate.swift in Sources */ = {isa = PBXBuildFile; fileRef = BA30896526B84D0A00C6FF2E /* SceneDelegate.swift */; };
		BA30896B26B84D0A00C6FF2E /* Main.storyboard in Resources */ = {isa = PBXBuildFile; fileRef = BA30896926B84D0A00C6FF2E /* Main.storyboard */; };
		BA30896D26B84D0E00C6FF2E /* Assets.xcassets in Resources */ = {isa = PBXBuildFile; fileRef = BA30896C26B84D0E00C6FF2E /* Assets.xcassets */; };
		BA30897026B84D0E00C6FF2E /* LaunchScreen.storyboard in Resources */ = {isa = PBXBuildFile; fileRef = BA30896E26B84D0E00C6FF2E /* LaunchScreen.storyboard */; };
		BA30897C26B84F9500C6FF2E /* MusicTableViewController.swift in Sources */ = {isa = PBXBuildFile; fileRef = BA30897B26B84F9500C6FF2E /* MusicTableViewController.swift */; };
		BA30897E26B84FA900C6FF2E /* MovieTableViewController.swift in Sources */ = {isa = PBXBuildFile; fileRef = BA30897D26B84FA900C6FF2E /* MovieTableViewController.swift */; };
		BA30898026B8545900C6FF2E /* Song.swift in Sources */ = {isa = PBXBuildFile; fileRef = BA30897F26B8545900C6FF2E /* Song.swift */; };
		BA30898226B8553900C6FF2E /* DataManager.swift in Sources */ = {isa = PBXBuildFile; fileRef = BA30898126B8553900C6FF2E /* DataManager.swift */; };
		BA30898426B858DF00C6FF2E /* DetailMusicViewController.swift in Sources */ = {isa = PBXBuildFile; fileRef = BA30898326B858DF00C6FF2E /* DetailMusicViewController.swift */; };
		BA30898826B8602600C6FF2E /* MovieTableViewCell.swift in Sources */ = {isa = PBXBuildFile; fileRef = BA30898726B8602600C6FF2E /* MovieTableViewCell.swift */; };
		BA30898A26B99B7500C6FF2E /* Movie.swift in Sources */ = {isa = PBXBuildFile; fileRef = BA30898926B99B7500C6FF2E /* Movie.swift */; };
		BA30898C26B9B29A00C6FF2E /* DetailMovieViewController.swift in Sources */ = {isa = PBXBuildFile; fileRef = BA30898B26B9B29A00C6FF2E /* DetailMovieViewController.swift */; };
/* End PBXBuildFile section */

/* Begin PBXFileReference section */
		BA30896026B84D0A00C6FF2E /* TableList.app */ = {isa = PBXFileReference; explicitFileType = wrapper.application; includeInIndex = 0; path = TableList.app; sourceTree = BUILT_PRODUCTS_DIR; };
		BA30896326B84D0A00C6FF2E /* AppDelegate.swift */ = {isa = PBXFileReference; lastKnownFileType = sourcecode.swift; path = AppDelegate.swift; sourceTree = "<group>"; };
		BA30896526B84D0A00C6FF2E /* SceneDelegate.swift */ = {isa = PBXFileReference; lastKnownFileType = sourcecode.swift; path = SceneDelegate.swift; sourceTree = "<group>"; };
		BA30896A26B84D0A00C6FF2E /* Base */ = {isa = PBXFileReference; lastKnownFileType = file.storyboard; name = Base; path = Base.lproj/Main.storyboard; sourceTree = "<group>"; };
		BA30896C26B84D0E00C6FF2E /* Assets.xcassets */ = {isa = PBXFileReference; lastKnownFileType = folder.assetcatalog; path = Assets.xcassets; sourceTree = "<group>"; };
		BA30896F26B84D0E00C6FF2E /* Base */ = {isa = PBXFileReference; lastKnownFileType = file.storyboard; name = Base; path = Base.lproj/LaunchScreen.storyboard; sourceTree = "<group>"; };
		BA30897126B84D0E00C6FF2E /* Info.plist */ = {isa = PBXFileReference; lastKnownFileType = text.plist.xml; path = Info.plist; sourceTree = "<group>"; };
		BA30897B26B84F9500C6FF2E /* MusicTableViewController.swift */ = {isa = PBXFileReference; lastKnownFileType = sourcecode.swift; path = MusicTableViewController.swift; sourceTree = "<group>"; };
		BA30897D26B84FA900C6FF2E /* MovieTableViewController.swift */ = {isa = PBXFileReference; lastKnownFileType = sourcecode.swift; path = MovieTableViewController.swift; sourceTree = "<group>"; };
		BA30897F26B8545900C6FF2E /* Song.swift */ = {isa = PBXFileReference; lastKnownFileType = sourcecode.swift; name = Song.swift; path = TableList/Controller/Song.swift; sourceTree = SOURCE_ROOT; };
		BA30898126B8553900C6FF2E /* DataManager.swift */ = {isa = PBXFileReference; lastKnownFileType = sourcecode.swift; path = DataManager.swift; sourceTree = "<group>"; };
		BA30898326B858DF00C6FF2E /* DetailMusicViewController.swift */ = {isa = PBXFileReference; lastKnownFileType = sourcecode.swift; path = DetailMusicViewController.swift; sourceTree = "<group>"; };
		BA30898726B8602600C6FF2E /* MovieTableViewCell.swift */ = {isa = PBXFileReference; lastKnownFileType = sourcecode.swift; path = MovieTableViewCell.swift; sourceTree = "<group>"; };
		BA30898926B99B7500C6FF2E /* Movie.swift */ = {isa = PBXFileReference; lastKnownFileType = sourcecode.swift; path = Movie.swift; sourceTree = "<group>"; };
		BA30898B26B9B29A00C6FF2E /* DetailMovieViewController.swift */ = {isa = PBXFileReference; lastKnownFileType = sourcecode.swift; path = DetailMovieViewController.swift; sourceTree = "<group>"; };
/* End PBXFileReference section */

/* Begin PBXFrameworksBuildPhase section */
		BA30895D26B84D0A00C6FF2E /* Frameworks */ = {
			isa = PBXFrameworksBuildPhase;
			buildActionMask = 2147483647;
			files = (
			);
			runOnlyForDeploymentPostprocessing = 0;
		};
/* End PBXFrameworksBuildPhase section */

/* Begin PBXGroup section */
		BA30895726B84D0A00C6FF2E = {
			isa = PBXGroup;
			children = (
				BA30896226B84D0A00C6FF2E /* TableList */,
				BA30896126B84D0A00C6FF2E /* Products */,
			);
			sourceTree = "<group>";
		};
		BA30896126B84D0A00C6FF2E /* Products */ = {
			isa = PBXGroup;
			children = (
				BA30896026B84D0A00C6FF2E /* TableList.app */,
			);
			name = Products;
			sourceTree = "<group>";
		};
		BA30896226B84D0A00C6FF2E /* TableList */ = {
			isa = PBXGroup;
			children = (
				BA30897726B84D2100C6FF2E /* AppDelegate */,
				BA30897A26B84D5A00C6FF2E /* Model */,
				BA30897826B84D3400C6FF2E /* Controller */,
				BA30897926B84D4000C6FF2E /* View */,
				BA30896C26B84D0E00C6FF2E /* Assets.xcassets */,
				BA30897126B84D0E00C6FF2E /* Info.plist */,
			);
			path = TableList;
			sourceTree = "<group>";
		};
		BA30897726B84D2100C6FF2E /* AppDelegate */ = {
			isa = PBXGroup;
			children = (
				BA30896326B84D0A00C6FF2E /* AppDelegate.swift */,
				BA30896526B84D0A00C6FF2E /* SceneDelegate.swift */,
			);
			path = AppDelegate;
			sourceTree = "<group>";
		};
		BA30897826B84D3400C6FF2E /* Controller */ = {
			isa = PBXGroup;
			children = (
				BA30897B26B84F9500C6FF2E /* MusicTableViewController.swift */,
				BA30898326B858DF00C6FF2E /* DetailMusicViewController.swift */,
				BA30897D26B84FA900C6FF2E /* MovieTableViewController.swift */,
				BA30898B26B9B29A00C6FF2E /* DetailMovieViewController.swift */,
				BA30898726B8602600C6FF2E /* MovieTableViewCell.swift */,
			);
			path = Controller;
			sourceTree = "<group>";
		};
		BA30897926B84D4000C6FF2E /* View */ = {
			isa = PBXGroup;
			children = (
				BA30896926B84D0A00C6FF2E /* Main.storyboard */,
				BA30896E26B84D0E00C6FF2E /* LaunchScreen.storyboard */,
			);
			path = View;
			sourceTree = "<group>";
		};
		BA30897A26B84D5A00C6FF2E /* Model */ = {
			isa = PBXGroup;
			children = (
				BA30897F26B8545900C6FF2E /* Song.swift */,
				BA30898126B8553900C6FF2E /* DataManager.swift */,
				BA30898926B99B7500C6FF2E /* Movie.swift */,
			);
			path = Model;
			sourceTree = "<group>";
		};
/* End PBXGroup section */

/* Begin PBXNativeTarget section */
		BA30895F26B84D0A00C6FF2E /* TableList */ = {
			isa = PBXNativeTarget;
			buildConfigurationList = BA30897426B84D0E00C6FF2E /* Build configuration list for PBXNativeTarget "TableList" */;
			buildPhases = (
				BA30895C26B84D0A00C6FF2E /* Sources */,
				BA30895D26B84D0A00C6FF2E /* Frameworks */,
				BA30895E26B84D0A00C6FF2E /* Resources */,
			);
			buildRules = (
			);
			dependencies = (
			);
			name = TableList;
			productName = TableList;
			productReference = BA30896026B84D0A00C6FF2E /* TableList.app */;
			productType = "com.apple.product-type.application";
		};
/* End PBXNativeTarget section */

/* Begin PBXProject section */
		BA30895826B84D0A00C6FF2E /* Project object */ = {
			isa = PBXProject;
			attributes = {
				LastSwiftUpdateCheck = 1250;
				LastUpgradeCheck = 1250;
				TargetAttributes = {
					BA30895F26B84D0A00C6FF2E = {
						CreatedOnToolsVersion = 12.5.1;
					};
				};
			};
			buildConfigurationList = BA30895B26B84D0A00C6FF2E /* Build configuration list for PBXProject "TableList" */;
			compatibilityVersion = "Xcode 9.3";
			developmentRegion = en;
			hasScannedForEncodings = 0;
			knownRegions = (
				en,
				Base,
			);
			mainGroup = BA30895726B84D0A00C6FF2E;
			productRefGroup = BA30896126B84D0A00C6FF2E /* Products */;
			projectDirPath = "";
			projectRoot = "";
			targets = (
				BA30895F26B84D0A00C6FF2E /* TableList */,
			);
		};
/* End PBXProject section */

/* Begin PBXResourcesBuildPhase section */
		BA30895E26B84D0A00C6FF2E /* Resources */ = {
			isa = PBXResourcesBuildPhase;
			buildActionMask = 2147483647;
			files = (
				BA30897026B84D0E00C6FF2E /* LaunchScreen.storyboard in Resources */,
				BA30896D26B84D0E00C6FF2E /* Assets.xcassets in Resources */,
				BA30896B26B84D0A00C6FF2E /* Main.storyboard in Resources */,
			);
			runOnlyForDeploymentPostprocessing = 0;
		};
/* End PBXResourcesBuildPhase section */

/* Begin PBXSourcesBuildPhase section */
		BA30895C26B84D0A00C6FF2E /* Sources */ = {
			isa = PBXSourcesBuildPhase;
			buildActionMask = 2147483647;
			files = (
				BA30897E26B84FA900C6FF2E /* MovieTableViewController.swift in Sources */,
				BA30898226B8553900C6FF2E /* DataManager.swift in Sources */,
				BA30898A26B99B7500C6FF2E /* Movie.swift in Sources */,
				BA30896426B84D0A00C6FF2E /* AppDelegate.swift in Sources */,
				BA30896626B84D0A00C6FF2E /* SceneDelegate.swift in Sources */,
				BA30897C26B84F9500C6FF2E /* MusicTableViewController.swift in Sources */,
				BA30898426B858DF00C6FF2E /* DetailMusicViewController.swift in Sources */,
				BA30898826B8602600C6FF2E /* MovieTableViewCell.swift in Sources */,
				BA30898C26B9B29A00C6FF2E /* DetailMovieViewController.swift in Sources */,
				BA30898026B8545900C6FF2E /* Song.swift in Sources */,
			);
			runOnlyForDeploymentPostprocessing = 0;
		};
/* End PBXSourcesBuildPhase section */

/* Begin PBXVariantGroup section */
		BA30896926B84D0A00C6FF2E /* Main.storyboard */ = {
			isa = PBXVariantGroup;
			children = (
				BA30896A26B84D0A00C6FF2E /* Base */,
			);
			name = Main.storyboard;
			sourceTree = "<group>";
		};
		BA30896E26B84D0E00C6FF2E /* LaunchScreen.storyboard */ = {
			isa = PBXVariantGroup;
			children = (
				BA30896F26B84D0E00C6FF2E /* Base */,
			);
			name = LaunchScreen.storyboard;
			sourceTree = "<group>";
		};
/* End PBXVariantGroup section */

/* Begin XCBuildConfiguration section */
		BA30897226B84D0E00C6FF2E /* Debug */ = {
			isa = XCBuildConfiguration;
			buildSettings = {
				ALWAYS_SEARCH_USER_PATHS = NO;
				CLANG_ANALYZER_NONNULL = YES;
				CLANG_ANALYZER_NUMBER_OBJECT_CONVERSION = YES_AGGRESSIVE;
				CLANG_CXX_LANGUAGE_STANDARD = "gnu++14";
				CLANG_CXX_LIBRARY = "libc++";
				CLANG_ENABLE_MODULES = YES;
				CLANG_ENABLE_OBJC_ARC = YES;
				CLANG_ENABLE_OBJC_WEAK = YES;
				CLANG_WARN_BLOCK_CAPTURE_AUTORELEASING = YES;
				CLANG_WARN_BOOL_CONVERSION = YES;
				CLANG_WARN_COMMA = YES;
				CLANG_WARN_CONSTANT_CONVERSION = YES;
				CLANG_WARN_DEPRECATED_OBJC_IMPLEMENTATIONS = YES;
				CLANG_WARN_DIRECT_OBJC_ISA_USAGE = YES_ERROR;
				CLANG_WARN_DOCUMENTATION_COMMENTS = YES;
				CLANG_WARN_EMPTY_BODY = YES;
				CLANG_WARN_ENUM_CONVERSION = YES;
				CLANG_WARN_INFINITE_RECURSION = YES;
				CLANG_WARN_INT_CONVERSION = YES;
				CLANG_WARN_NON_LITERAL_NULL_CONVERSION = YES;
				CLANG_WARN_OBJC_IMPLICIT_RETAIN_SELF = YES;
				CLANG_WARN_OBJC_LITERAL_CONVERSION = YES;
				CLANG_WARN_OBJC_ROOT_CLASS = YES_ERROR;
				CLANG_WARN_QUOTED_INCLUDE_IN_FRAMEWORK_HEADER = YES;
				CLANG_WARN_RANGE_LOOP_ANALYSIS = YES;
				CLANG_WARN_STRICT_PROTOTYPES = YES;
				CLANG_WARN_SUSPICIOUS_MOVE = YES;
				CLANG_WARN_UNGUARDED_AVAILABILITY = YES_AGGRESSIVE;
				CLANG_WARN_UNREACHABLE_CODE = YES;
				CLANG_WARN__DUPLICATE_METHOD_MATCH = YES;
				COPY_PHASE_STRIP = NO;
				DEBUG_INFORMATION_FORMAT = dwarf;
				ENABLE_STRICT_OBJC_MSGSEND = YES;
				ENABLE_TESTABILITY = YES;
				GCC_C_LANGUAGE_STANDARD = gnu11;
				GCC_DYNAMIC_NO_PIC = NO;
				GCC_NO_COMMON_BLOCKS = YES;
				GCC_OPTIMIZATION_LEVEL = 0;
				GCC_PREPROCESSOR_DEFINITIONS = (
					"DEBUG=1",
					"$(inherited)",
				);
				GCC_WARN_64_TO_32_BIT_CONVERSION = YES;
				GCC_WARN_ABOUT_RETURN_TYPE = YES_ERROR;
				GCC_WARN_UNDECLARED_SELECTOR = YES;
				GCC_WARN_UNINITIALIZED_AUTOS = YES_AGGRESSIVE;
				GCC_WARN_UNUSED_FUNCTION = YES;
				GCC_WARN_UNUSED_VARIABLE = YES;
				IPHONEOS_DEPLOYMENT_TARGET = 14.5;
				MTL_ENABLE_DEBUG_INFO = INCLUDE_SOURCE;
				MTL_FAST_MATH = YES;
				ONLY_ACTIVE_ARCH = YES;
				SDKROOT = iphoneos;
				SWIFT_ACTIVE_COMPILATION_CONDITIONS = DEBUG;
				SWIFT_OPTIMIZATION_LEVEL = "-Onone";
			};
			name = Debug;
		};
		BA30897326B84D0E00C6FF2E /* Release */ = {
			isa = XCBuildConfiguration;
			buildSettings = {
				ALWAYS_SEARCH_USER_PATHS = NO;
				CLANG_ANALYZER_NONNULL = YES;
				CLANG_ANALYZER_NUMBER_OBJECT_CONVERSION = YES_AGGRESSIVE;
				CLANG_CXX_LANGUAGE_STANDARD = "gnu++14";
				CLANG_CXX_LIBRARY = "libc++";
				CLANG_ENABLE_MODULES = YES;
				CLANG_ENABLE_OBJC_ARC = YES;
				CLANG_ENABLE_OBJC_WEAK = YES;
				CLANG_WARN_BLOCK_CAPTURE_AUTORELEASING = YES;
				CLANG_WARN_BOOL_CONVERSION = YES;
				CLANG_WARN_COMMA = YES;
				CLANG_WARN_CONSTANT_CONVERSION = YES;
				CLANG_WARN_DEPRECATED_OBJC_IMPLEMENTATIONS = YES;
				CLANG_WARN_DIRECT_OBJC_ISA_USAGE = YES_ERROR;
				CLANG_WARN_DOCUMENTATION_COMMENTS = YES;
				CLANG_WARN_EMPTY_BODY = YES;
				CLANG_WARN_ENUM_CONVERSION = YES;
				CLANG_WARN_INFINITE_RECURSION = YES;
				CLANG_WARN_INT_CONVERSION = YES;
				CLANG_WARN_NON_LITERAL_NULL_CONVERSION = YES;
				CLANG_WARN_OBJC_IMPLICIT_RETAIN_SELF = YES;
				CLANG_WARN_OBJC_LITERAL_CONVERSION = YES;
				CLANG_WARN_OBJC_ROOT_CLASS = YES_ERROR;
				CLANG_WARN_QUOTED_INCLUDE_IN_FRAMEWORK_HEADER = YES;
				CLANG_WARN_RANGE_LOOP_ANALYSIS = YES;
				CLANG_WARN_STRICT_PROTOTYPES = YES;
				CLANG_WARN_SUSPICIOUS_MOVE = YES;
				CLANG_WARN_UNGUARDED_AVAILABILITY = YES_AGGRESSIVE;
				CLANG_WARN_UNREACHABLE_CODE = YES;
				CLANG_WARN__DUPLICATE_METHOD_MATCH = YES;
				COPY_PHASE_STRIP = NO;
				DEBUG_INFORMATION_FORMAT = "dwarf-with-dsym";
				ENABLE_NS_ASSERTIONS = NO;
				ENABLE_STRICT_OBJC_MSGSEND = YES;
				GCC_C_LANGUAGE_STANDARD = gnu11;
				GCC_NO_COMMON_BLOCKS = YES;
				GCC_WARN_64_TO_32_BIT_CONVERSION = YES;
				GCC_WARN_ABOUT_RETURN_TYPE = YES_ERROR;
				GCC_WARN_UNDECLARED_SELECTOR = YES;
				GCC_WARN_UNINITIALIZED_AUTOS = YES_AGGRESSIVE;
				GCC_WARN_UNUSED_FUNCTION = YES;
				GCC_WARN_UNUSED_VARIABLE = YES;
				IPHONEOS_DEPLOYMENT_TARGET = 14.5;
				MTL_ENABLE_DEBUG_INFO = NO;
				MTL_FAST_MATH = YES;
				SDKROOT = iphoneos;
				SWIFT_COMPILATION_MODE = wholemodule;
				SWIFT_OPTIMIZATION_LEVEL = "-O";
				VALIDATE_PRODUCT = YES;
			};
			name = Release;
		};
		BA30897526B84D0E00C6FF2E /* Debug */ = {
			isa = XCBuildConfiguration;
			buildSettings = {
				ASSETCATALOG_COMPILER_APPICON_NAME = AppIcon;
				ASSETCATALOG_COMPILER_GLOBAL_ACCENT_COLOR_NAME = AccentColor;
				CODE_SIGN_STYLE = Automatic;
				DEVELOPMENT_TEAM = NJY4X7G9MR;
				INFOPLIST_FILE = TableList/Info.plist;
				LD_RUNPATH_SEARCH_PATHS = (
					"$(inherited)",
					"@executable_path/Frameworks",
				);
				PRODUCT_BUNDLE_IDENTIFIER = com.linda.zande.TableList;
				PRODUCT_NAME = "$(TARGET_NAME)";
				SWIFT_VERSION = 5.0;
				TARGETED_DEVICE_FAMILY = "1,2";
			};
			name = Debug;
		};
		BA30897626B84D0E00C6FF2E /* Release */ = {
			isa = XCBuildConfiguration;
			buildSettings = {
				ASSETCATALOG_COMPILER_APPICON_NAME = AppIcon;
				ASSETCATALOG_COMPILER_GLOBAL_ACCENT_COLOR_NAME = AccentColor;
				CODE_SIGN_STYLE = Automatic;
				DEVELOPMENT_TEAM = NJY4X7G9MR;
				INFOPLIST_FILE = TableList/Info.plist;
				LD_RUNPATH_SEARCH_PATHS = (
					"$(inherited)",
					"@executable_path/Frameworks",
				);
				PRODUCT_BUNDLE_IDENTIFIER = com.linda.zande.TableList;
				PRODUCT_NAME = "$(TARGET_NAME)";
				SWIFT_VERSION = 5.0;
				TARGETED_DEVICE_FAMILY = "1,2";
			};
			name = Release;
		};
/* End XCBuildConfiguration section */

/* Begin XCConfigurationList section */
		BA30895B26B84D0A00C6FF2E /* Build configuration list for PBXProject "TableList" */ = {
			isa = XCConfigurationList;
			buildConfigurations = (
				BA30897226B84D0E00C6FF2E /* Debug */,
				BA30897326B84D0E00C6FF2E /* Release */,
			);
			defaultConfigurationIsVisible = 0;
			defaultConfigurationName = Release;
		};
		BA30897426B84D0E00C6FF2E /* Build configuration list for PBXNativeTarget "TableList" */ = {
			isa = XCConfigurationList;
			buildConfigurations = (
				BA30897526B84D0E00C6FF2E /* Debug */,
				BA30897626B84D0E00C6FF2E /* Release */,
			);
			defaultConfigurationIsVisible = 0;
			defaultConfigurationName = Release;
		};
/* End XCConfigurationList section */
	};
	rootObject = BA30895826B84D0A00C6FF2E /* Project object */;
}
